
Microsoft Visual Studio Solution File, Format Version 12.00
# Visual Studio 14
VisualStudioVersion = 14.0.25420.1
MinimumVisualStudioVersion = 10.0.40219.1
Project("{FAE04EC0-301F-11D3-BF4B-00C04F79EFBC}") = "WebApplication", "WebApplication\WebApplication.csproj", "{F6A9B316-FFFD-4962-A7BF-AF79C19484B5}"
EndProject
Project("{FAE04EC0-301F-11D3-BF4B-00C04F79EFBC}") = "ClassLibraryJson", "ClassLibraryJson\ClassLibraryJson.csproj", "{EBA7DCC1-9DFF-4838-B103-7B52693FADFD}"
EndProject
Global
	GlobalSection(SolutionConfigurationPlatforms) = preSolution
		Debug|Any CPU = Debug|Any CPU
		Release|Any CPU = Release|Any CPU
	EndGlobalSection
	GlobalSection(ProjectConfigurationPlatforms) = postSolution
		{F6A9B316-FFFD-4962-A7BF-AF79C19484B5}.Debug|Any CPU.ActiveCfg = Debug|Any CPU
		{F6A9B316-FFFD-4962-A7BF-AF79C19484B5}.Debug|Any CPU.Build.0 = Debug|Any CPU
		{F6A9B316-FFFD-4962-A7BF-AF79C19484B5}.Release|Any CPU.ActiveCfg = Release|Any CPU
		{F6A9B316-FFFD-4962-A7BF-AF79C19484B5}.Release|Any CPU.Build.0 = Release|Any CPU
		{EBA7DCC1-9DFF-4838-B103-7B52693FADFD}.Debug|Any CPU.ActiveCfg = Debug|Any CPU
		{EBA7DCC1-9DFF-4838-B103-7B52693FADFD}.Debug|Any CPU.Build.0 = Debug|Any CPU
		{EBA7DCC1-9DFF-4838-B103-7B52693FADFD}.Release|Any CPU.ActiveCfg = Release|Any CPU
		{EBA7DCC1-9DFF-4838-B103-7B52693FADFD}.Release|Any CPU.Build.0 = Release|Any CPU
	EndGlobalSection
	GlobalSection(SolutionProperties) = preSolution
		HideSolutionNode = FALSE
	EndGlobalSection
EndGlobal
